
Microsoft Visual Studio Solution File, Format Version 12.00
# Visual Studio 2017
Project("{FAE04EC0-301F-11D3-BF4B-00C04F79EFBC}") = "Advanced_Knights", "Advanced_Knights.csproj", "{00005FFF-4680-84A4-6733-7B84855250B3}"
EndProject
Project("{FAE04EC0-301F-11D3-BF4B-00C04F79EFBC}") = "Advanced_Knights.Plugins", "Advanced_Knights.Plugins.csproj", "{2E5A6D81-4489-2667-9217-7EA13F40DC8D}"
EndProject
Project("{FAE04EC0-301F-11D3-BF4B-00C04F79EFBC}") = "Advanced_Knights.Editor.Plugins", "Advanced_Knights.Editor.Plugins.csproj", "{4D6B95F5-0AFD-DE12-FC46-18E7E65F6AE1}"
EndProject
Global
	GlobalSection(SolutionConfigurationPlatforms) = preSolution
		Debug|Any CPU = Debug|Any CPU
		Release|Any CPU = Release|Any CPU
	EndGlobalSection
	GlobalSection(ProjectConfigurationPlatforms) = postSolution
		{00005FFF-4680-84A4-6733-7B84855250B3}.Debug|Any CPU.ActiveCfg = Debug|Any CPU
		{00005FFF-4680-84A4-6733-7B84855250B3}.Debug|Any CPU.Build.0 = Debug|Any CPU
		{00005FFF-4680-84A4-6733-7B84855250B3}.Release|Any CPU.ActiveCfg = Release|Any CPU
		{00005FFF-4680-84A4-6733-7B84855250B3}.Release|Any CPU.Build.0 = Release|Any CPU
		{2E5A6D81-4489-2667-9217-7EA13F40DC8D}.Debug|Any CPU.ActiveCfg = Debug|Any CPU
		{2E5A6D81-4489-2667-9217-7EA13F40DC8D}.Debug|Any CPU.Build.0 = Debug|Any CPU
		{2E5A6D81-4489-2667-9217-7EA13F40DC8D}.Release|Any CPU.ActiveCfg = Release|Any CPU
		{2E5A6D81-4489-2667-9217-7EA13F40DC8D}.Release|Any CPU.Build.0 = Release|Any CPU
		{4D6B95F5-0AFD-DE12-FC46-18E7E65F6AE1}.Debug|Any CPU.ActiveCfg = Debug|Any CPU
		{4D6B95F5-0AFD-DE12-FC46-18E7E65F6AE1}.Debug|Any CPU.Build.0 = Debug|Any CPU
		{4D6B95F5-0AFD-DE12-FC46-18E7E65F6AE1}.Release|Any CPU.ActiveCfg = Release|Any CPU
		{4D6B95F5-0AFD-DE12-FC46-18E7E65F6AE1}.Release|Any CPU.Build.0 = Release|Any CPU
	EndGlobalSection
	GlobalSection(SolutionProperties) = preSolution
		HideSolutionNode = FALSE
	EndGlobalSection
EndGlobal
